
Microsoft Visual Studio Solution File, Format Version 12.00
# Visual Studio Version 17
VisualStudioVersion = 17.5.002.0
MinimumVisualStudioVersion = 10.0.40219.1
Project("{9A19103F-16F7-4668-BE54-9A1E7A4F7556}") = "DesafioBlazor", "DesafioBlazor.csproj", "{6E28C87A-177D-479A-800D-965D973D5FDE}"
EndProject
Global
	GlobalSection(SolutionConfigurationPlatforms) = preSolution
		Debug|Any CPU = Debug|Any CPU
		Release|Any CPU = Release|Any CPU
	EndGlobalSection
	GlobalSection(ProjectConfigurationPlatforms) = postSolution
		{6E28C87A-177D-479A-800D-965D973D5FDE}.Debug|Any CPU.ActiveCfg = Debug|Any CPU
		{6E28C87A-177D-479A-800D-965D973D5FDE}.Debug|Any CPU.Build.0 = Debug|Any CPU
		{6E28C87A-177D-479A-800D-965D973D5FDE}.Release|Any CPU.ActiveCfg = Release|Any CPU
		{6E28C87A-177D-479A-800D-965D973D5FDE}.Release|Any CPU.Build.0 = Release|Any CPU
	EndGlobalSection
	GlobalSection(SolutionProperties) = preSolution
		HideSolutionNode = FALSE
	EndGlobalSection
	GlobalSection(ExtensibilityGlobals) = postSolution
		SolutionGuid = {F67F4E8A-ED71-4C86-BD3C-258D017AA827}
	EndGlobalSection
EndGlobal
